
Microsoft Visual Studio Solution File, Format Version 12.00
# Visual Studio Version 16
VisualStudioVersion = 16.0.30717.126
MinimumVisualStudioVersion = 10.0.40219.1
Project("{FAE04EC0-301F-11D3-BF4B-00C04F79EFBC}") = "ch03-round-format", "ch03-round-format\ch03-round-format.csproj", "{FDB435F1-9643-4EC3-9BE1-3210188C4FD9}"
EndProject
Global
	GlobalSection(SolutionConfigurationPlatforms) = preSolution
		Debug|Any CPU = Debug|Any CPU
		Release|Any CPU = Release|Any CPU
	EndGlobalSection
	GlobalSection(ProjectConfigurationPlatforms) = postSolution
		{FDB435F1-9643-4EC3-9BE1-3210188C4FD9}.Debug|Any CPU.ActiveCfg = Debug|Any CPU
		{FDB435F1-9643-4EC3-9BE1-3210188C4FD9}.Debug|Any CPU.Build.0 = Debug|Any CPU
		{FDB435F1-9643-4EC3-9BE1-3210188C4FD9}.Release|Any CPU.ActiveCfg = Release|Any CPU
		{FDB435F1-9643-4EC3-9BE1-3210188C4FD9}.Release|Any CPU.Build.0 = Release|Any CPU
	EndGlobalSection
	GlobalSection(SolutionProperties) = preSolution
		HideSolutionNode = FALSE
	EndGlobalSection
	GlobalSection(ExtensibilityGlobals) = postSolution
		SolutionGuid = {07E465A5-17EF-419B-97CC-4321839664F1}
	EndGlobalSection
EndGlobal
